// !$*UTF8*$!
{
	archiveVersion = 1;
	classes = {
	};
	objectVersion = 50;
	objects = {

/* Begin PBXBuildFile section */
		5842D007218451250085D642 /* Assets.xcassets in Resources */ = {isa = PBXBuildFile; fileRef = 5842D006218451250085D642 /* Assets.xcassets */; };
		5842D015218451970085D642 /* NJLanuchScreen.xib in Resources */ = {isa = PBXBuildFile; fileRef = 5842D011218451970085D642 /* NJLanuchScreen.xib */; };
		5842D016218451970085D642 /* NJAppDelegate.swift in Sources */ = {isa = PBXBuildFile; fileRef = 5842D012218451970085D642 /* NJAppDelegate.swift */; };
		5842D017218451970085D642 /* NJConst.swift in Sources */ = {isa = PBXBuildFile; fileRef = 5842D013218451970085D642 /* NJConst.swift */; };
		5842D018218451970085D642 /* NJTabBarController.swift in Sources */ = {isa = PBXBuildFile; fileRef = 5842D014218451970085D642 /* NJTabBarController.swift */; };
		6E881A18269BCBB84E3DFD95 /* Pods_TeachersHelper.framework in Frameworks */ = {isa = PBXBuildFile; fileRef = 65BF22FFC95F9944049BED69 /* Pods_TeachersHelper.framework */; };
/* End PBXBuildFile section */

/* Begin PBXFileReference section */
		5842CFFC218451240085D642 /* TeachersHelper.app */ = {isa = PBXFileReference; explicitFileType = wrapper.application; includeInIndex = 0; path = TeachersHelper.app; sourceTree = BUILT_PRODUCTS_DIR; };
		5842D006218451250085D642 /* Assets.xcassets */ = {isa = PBXFileReference; lastKnownFileType = folder.assetcatalog; path = Assets.xcassets; sourceTree = "<group>"; };
		5842D00B218451250085D642 /* Info.plist */ = {isa = PBXFileReference; lastKnownFileType = text.plist.xml; path = Info.plist; sourceTree = "<group>"; };
		5842D011218451970085D642 /* NJLanuchScreen.xib */ = {isa = PBXFileReference; fileEncoding = 4; lastKnownFileType = file.xib; path = NJLanuchScreen.xib; sourceTree = "<group>"; };
		5842D012218451970085D642 /* NJAppDelegate.swift */ = {isa = PBXFileReference; fileEncoding = 4; lastKnownFileType = sourcecode.swift; path = NJAppDelegate.swift; sourceTree = "<group>"; };
		5842D013218451970085D642 /* NJConst.swift */ = {isa = PBXFileReference; fileEncoding = 4; lastKnownFileType = sourcecode.swift; path = NJConst.swift; sourceTree = "<group>"; };
		5842D014218451970085D642 /* NJTabBarController.swift */ = {isa = PBXFileReference; fileEncoding = 4; lastKnownFileType = sourcecode.swift; path = NJTabBarController.swift; sourceTree = "<group>"; };
		5842D019218451BE0085D642 /* NJOC2SwiftBridge.h */ = {isa = PBXFileReference; lastKnownFileType = sourcecode.c.h; path = NJOC2SwiftBridge.h; sourceTree = "<group>"; };
		5DE016879F1157126EFE70DB /* Pods-TeachersHelper.release.xcconfig */ = {isa = PBXFileReference; includeInIndex = 1; lastKnownFileType = text.xcconfig; name = "Pods-TeachersHelper.release.xcconfig"; path = "Pods/Target Support Files/Pods-TeachersHelper/Pods-TeachersHelper.release.xcconfig"; sourceTree = "<group>"; };
		65BF22FFC95F9944049BED69 /* Pods_TeachersHelper.framework */ = {isa = PBXFileReference; explicitFileType = wrapper.framework; includeInIndex = 0; path = Pods_TeachersHelper.framework; sourceTree = BUILT_PRODUCTS_DIR; };
		DD3D4F206BFCF1CBBDEB5457 /* Pods-TeachersHelper.debug.xcconfig */ = {isa = PBXFileReference; includeInIndex = 1; lastKnownFileType = text.xcconfig; name = "Pods-TeachersHelper.debug.xcconfig"; path = "Pods/Target Support Files/Pods-TeachersHelper/Pods-TeachersHelper.debug.xcconfig"; sourceTree = "<group>"; };
/* End PBXFileReference section */

/* Begin PBXFrameworksBuildPhase section */
		5842CFF9218451240085D642 /* Frameworks */ = {
			isa = PBXFrameworksBuildPhase;
			buildActionMask = 2147483647;
			files = (
				6E881A18269BCBB84E3DFD95 /* Pods_TeachersHelper.framework in Frameworks */,
			);
			runOnlyForDeploymentPostprocessing = 0;
		};
/* End PBXFrameworksBuildPhase section */

/* Begin PBXGroup section */
		278F3C3183A0FA826CA58D9E /* Pods */ = {
			isa = PBXGroup;
			children = (
				DD3D4F206BFCF1CBBDEB5457 /* Pods-TeachersHelper.debug.xcconfig */,
				5DE016879F1157126EFE70DB /* Pods-TeachersHelper.release.xcconfig */,
			);
			name = Pods;
			sourceTree = "<group>";
		};
		5842CFF3218451240085D642 = {
			isa = PBXGroup;
			children = (
				5842CFFE218451240085D642 /* TeachersHelper */,
				5842CFFD218451240085D642 /* Products */,
				278F3C3183A0FA826CA58D9E /* Pods */,
				88D230D3EEBBBF2C90B8078C /* Frameworks */,
			);
			sourceTree = "<group>";
		};
		5842CFFD218451240085D642 /* Products */ = {
			isa = PBXGroup;
			children = (
				5842CFFC218451240085D642 /* TeachersHelper.app */,
			);
			name = Products;
			sourceTree = "<group>";
		};
		5842CFFE218451240085D642 /* TeachersHelper */ = {
			isa = PBXGroup;
			children = (
				5842D012218451970085D642 /* NJAppDelegate.swift */,
				5842D013218451970085D642 /* NJConst.swift */,
				5842D011218451970085D642 /* NJLanuchScreen.xib */,
				5842D014218451970085D642 /* NJTabBarController.swift */,
				5842D019218451BE0085D642 /* NJOC2SwiftBridge.h */,
				5842D006218451250085D642 /* Assets.xcassets */,
				5842D00B218451250085D642 /* Info.plist */,
			);
			path = TeachersHelper;
			sourceTree = "<group>";
		};
		88D230D3EEBBBF2C90B8078C /* Frameworks */ = {
			isa = PBXGroup;
			children = (
				65BF22FFC95F9944049BED69 /* Pods_TeachersHelper.framework */,
			);
			name = Frameworks;
			sourceTree = "<group>";
		};
/* End PBXGroup section */

/* Begin PBXNativeTarget section */
		5842CFFB218451240085D642 /* TeachersHelper */ = {
			isa = PBXNativeTarget;
			buildConfigurationList = 5842D00E218451250085D642 /* Build configuration list for PBXNativeTarget "TeachersHelper" */;
			buildPhases = (
				75DD1B742FBD9BCF6F1DC88D /* [CP] Check Pods Manifest.lock */,
				5842CFF8218451240085D642 /* Sources */,
				5842CFF9218451240085D642 /* Frameworks */,
				5842CFFA218451240085D642 /* Resources */,
				A161ECAA8264E6027C47F450 /* [CP] Embed Pods Frameworks */,
			);
			buildRules = (
			);
			dependencies = (
			);
			name = TeachersHelper;
			productName = TeachersHelper;
			productReference = 5842CFFC218451240085D642 /* TeachersHelper.app */;
			productType = "com.apple.product-type.application";
		};
/* End PBXNativeTarget section */

/* Begin PBXProject section */
		5842CFF4218451240085D642 /* Project object */ = {
			isa = PBXProject;
			attributes = {
				LastSwiftUpdateCheck = 1000;
				LastUpgradeCheck = 1000;
				ORGANIZATIONNAME = hupeng;
				TargetAttributes = {
					5842CFFB218451240085D642 = {
						CreatedOnToolsVersion = 10.0;
						LastSwiftMigration = 1000;
					};
				};
			};
			buildConfigurationList = 5842CFF7218451240085D642 /* Build configuration list for PBXProject "TeachersHelper" */;
			compatibilityVersion = "Xcode 9.3";
			developmentRegion = en;
			hasScannedForEncodings = 0;
			knownRegions = (
				en,
				Base,
			);
			mainGroup = 5842CFF3218451240085D642;
			productRefGroup = 5842CFFD218451240085D642 /* Products */;
			projectDirPath = "";
			projectRoot = "";
			targets = (
				5842CFFB218451240085D642 /* TeachersHelper */,
			);
		};
/* End PBXProject section */

/* Begin PBXResourcesBuildPhase section */
		5842CFFA218451240085D642 /* Resources */ = {
			isa = PBXResourcesBuildPhase;
			buildActionMask = 2147483647;
			files = (
				5842D015218451970085D642 /* NJLanuchScreen.xib in Resources */,
				5842D007218451250085D642 /* Assets.xcassets in Resources */,
			);
			runOnlyForDeploymentPostprocessing = 0;
		};
/* End PBXResourcesBuildPhase section */

/* Begin PBXShellScriptBuildPhase section */
		75DD1B742FBD9BCF6F1DC88D /* [CP] Check Pods Manifest.lock */ = {
			isa = PBXShellScriptBuildPhase;
			buildActionMask = 2147483647;
			files = (
			);
			inputFileListPaths = (
			);
			inputPaths = (
				"${PODS_PODFILE_DIR_PATH}/Podfile.lock",
				"${PODS_ROOT}/Manifest.lock",
			);
			name = "[CP] Check Pods Manifest.lock";
			outputFileListPaths = (
			);
			outputPaths = (
				"$(DERIVED_FILE_DIR)/Pods-TeachersHelper-checkManifestLockResult.txt",
			);
			runOnlyForDeploymentPostprocessing = 0;
			shellPath = /bin/sh;
			shellScript = "diff \"${PODS_PODFILE_DIR_PATH}/Podfile.lock\" \"${PODS_ROOT}/Manifest.lock\" > /dev/null\nif [ $? != 0 ] ; then\n    # print error to STDERR\n    echo \"error: The sandbox is not in sync with the Podfile.lock. Run 'pod install' or update your CocoaPods installation.\" >&2\n    exit 1\nfi\n# This output is used by Xcode 'outputs' to avoid re-running this script phase.\necho \"SUCCESS\" > \"${SCRIPT_OUTPUT_FILE_0}\"\n";
			showEnvVarsInLog = 0;
		};
		A161ECAA8264E6027C47F450 /* [CP] Embed Pods Frameworks */ = {
			isa = PBXShellScriptBuildPhase;
			buildActionMask = 2147483647;
			files = (
			);
			inputFileListPaths = (
			);
			inputPaths = (
				"${SRCROOT}/Pods/Target Support Files/Pods-TeachersHelper/Pods-TeachersHelper-frameworks.sh",
				"${BUILT_PRODUCTS_DIR}/Alamofire/Alamofire.framework",
				"${BUILT_PRODUCTS_DIR}/AlamofireImage/AlamofireImage.framework",
				"${BUILT_PRODUCTS_DIR}/MJRefresh/MJRefresh.framework",
				"${BUILT_PRODUCTS_DIR}/NJKit/NJKit.framework",
				"${BUILT_PRODUCTS_DIR}/NJMediator/NJMediator.framework",
				"${BUILT_PRODUCTS_DIR}/SnapKit/SnapKit.framework",
				"${BUILT_PRODUCTS_DIR}/SwiftyJSON/SwiftyJSON.framework",
			);
			name = "[CP] Embed Pods Frameworks";
			outputFileListPaths = (
			);
			outputPaths = (
				"${TARGET_BUILD_DIR}/${FRAMEWORKS_FOLDER_PATH}/Alamofire.framework",
				"${TARGET_BUILD_DIR}/${FRAMEWORKS_FOLDER_PATH}/AlamofireImage.framework",
				"${TARGET_BUILD_DIR}/${FRAMEWORKS_FOLDER_PATH}/MJRefresh.framework",
				"${TARGET_BUILD_DIR}/${FRAMEWORKS_FOLDER_PATH}/NJKit.framework",
				"${TARGET_BUILD_DIR}/${FRAMEWORKS_FOLDER_PATH}/NJMediator.framework",
				"${TARGET_BUILD_DIR}/${FRAMEWORKS_FOLDER_PATH}/SnapKit.framework",
				"${TARGET_BUILD_DIR}/${FRAMEWORKS_FOLDER_PATH}/SwiftyJSON.framework",
			);
			runOnlyForDeploymentPostprocessing = 0;
			shellPath = /bin/sh;
			shellScript = "\"${SRCROOT}/Pods/Target Support Files/Pods-TeachersHelper/Pods-TeachersHelper-frameworks.sh\"\n";
			showEnvVarsInLog = 0;
		};
/* End PBXShellScriptBuildPhase section */

/* Begin PBXSourcesBuildPhase section */
		5842CFF8218451240085D642 /* Sources */ = {
			isa = PBXSourcesBuildPhase;
			buildActionMask = 2147483647;
			files = (
				5842D016218451970085D642 /* NJAppDelegate.swift in Sources */,
				5842D017218451970085D642 /* NJConst.swift in Sources */,
				5842D018218451970085D642 /* NJTabBarController.swift in Sources */,
			);
			runOnlyForDeploymentPostprocessing = 0;
		};
/* End PBXSourcesBuildPhase section */

/* Begin XCBuildConfiguration section */
		5842D00C218451250085D642 /* Debug */ = {
			isa = XCBuildConfiguration;
			buildSettings = {
				ALWAYS_SEARCH_USER_PATHS = NO;
				CLANG_ANALYZER_NONNULL = YES;
				CLANG_ANALYZER_NUMBER_OBJECT_CONVERSION = YES_AGGRESSIVE;
				CLANG_CXX_LANGUAGE_STANDARD = "gnu++14";
				CLANG_CXX_LIBRARY = "libc++";
				CLANG_ENABLE_MODULES = YES;
				CLANG_ENABLE_OBJC_ARC = YES;
				CLANG_ENABLE_OBJC_WEAK = YES;
				CLANG_WARN_BLOCK_CAPTURE_AUTORELEASING = YES;
				CLANG_WARN_BOOL_CONVERSION = YES;
				CLANG_WARN_COMMA = YES;
				CLANG_WARN_CONSTANT_CONVERSION = YES;
				CLANG_WARN_DEPRECATED_OBJC_IMPLEMENTATIONS = YES;
				CLANG_WARN_DIRECT_OBJC_ISA_USAGE = YES_ERROR;
				CLANG_WARN_DOCUMENTATION_COMMENTS = YES;
				CLANG_WARN_EMPTY_BODY = YES;
				CLANG_WARN_ENUM_CONVERSION = YES;
				CLANG_WARN_INFINITE_RECURSION = YES;
				CLANG_WARN_INT_CONVERSION = YES;
				CLANG_WARN_NON_LITERAL_NULL_CONVERSION = YES;
				CLANG_WARN_OBJC_IMPLICIT_RETAIN_SELF = YES;
				CLANG_WARN_OBJC_LITERAL_CONVERSION = YES;
				CLANG_WARN_OBJC_ROOT_CLASS = YES_ERROR;
				CLANG_WARN_RANGE_LOOP_ANALYSIS = YES;
				CLANG_WARN_STRICT_PROTOTYPES = YES;
				CLANG_WARN_SUSPICIOUS_MOVE = YES;
				CLANG_WARN_UNGUARDED_AVAILABILITY = YES_AGGRESSIVE;
				CLANG_WARN_UNREACHABLE_CODE = YES;
				CLANG_WARN__DUPLICATE_METHOD_MATCH = YES;
				CODE_SIGN_IDENTITY = "iPhone Developer";
				COPY_PHASE_STRIP = NO;
				DEBUG_INFORMATION_FORMAT = dwarf;
				ENABLE_STRICT_OBJC_MSGSEND = YES;
				ENABLE_TESTABILITY = YES;
				GCC_C_LANGUAGE_STANDARD = gnu11;
				GCC_DYNAMIC_NO_PIC = NO;
				GCC_NO_COMMON_BLOCKS = YES;
				GCC_OPTIMIZATION_LEVEL = 0;
				GCC_PREPROCESSOR_DEFINITIONS = (
					"DEBUG=1",
					"$(inherited)",
				);
				GCC_WARN_64_TO_32_BIT_CONVERSION = YES;
				GCC_WARN_ABOUT_RETURN_TYPE = YES_ERROR;
				GCC_WARN_UNDECLARED_SELECTOR = YES;
				GCC_WARN_UNINITIALIZED_AUTOS = YES_AGGRESSIVE;
				GCC_WARN_UNUSED_FUNCTION = YES;
				GCC_WARN_UNUSED_VARIABLE = YES;
				IPHONEOS_DEPLOYMENT_TARGET = 12.0;
				MTL_ENABLE_DEBUG_INFO = INCLUDE_SOURCE;
				MTL_FAST_MATH = YES;
				ONLY_ACTIVE_ARCH = YES;
				SDKROOT = iphoneos;
				SWIFT_ACTIVE_COMPILATION_CONDITIONS = DEBUG;
				SWIFT_OPTIMIZATION_LEVEL = "-Onone";
			};
			name = Debug;
		};
		5842D00D218451250085D642 /* Release */ = {
			isa = XCBuildConfiguration;
			buildSettings = {
				ALWAYS_SEARCH_USER_PATHS = NO;
				CLANG_ANALYZER_NONNULL = YES;
				CLANG_ANALYZER_NUMBER_OBJECT_CONVERSION = YES_AGGRESSIVE;
				CLANG_CXX_LANGUAGE_STANDARD = "gnu++14";
				CLANG_CXX_LIBRARY = "libc++";
				CLANG_ENABLE_MODULES = YES;
				CLANG_ENABLE_OBJC_ARC = YES;
				CLANG_ENABLE_OBJC_WEAK = YES;
				CLANG_WARN_BLOCK_CAPTURE_AUTORELEASING = YES;
				CLANG_WARN_BOOL_CONVERSION = YES;
				CLANG_WARN_COMMA = YES;
				CLANG_WARN_CONSTANT_CONVERSION = YES;
				CLANG_WARN_DEPRECATED_OBJC_IMPLEMENTATIONS = YES;
				CLANG_WARN_DIRECT_OBJC_ISA_USAGE = YES_ERROR;
				CLANG_WARN_DOCUMENTATION_COMMENTS = YES;
				CLANG_WARN_EMPTY_BODY = YES;
				CLANG_WARN_ENUM_CONVERSION = YES;
				CLANG_WARN_INFINITE_RECURSION = YES;
				CLANG_WARN_INT_CONVERSION = YES;
				CLANG_WARN_NON_LITERAL_NULL_CONVERSION = YES;
				CLANG_WARN_OBJC_IMPLICIT_RETAIN_SELF = YES;
				CLANG_WARN_OBJC_LITERAL_CONVERSION = YES;
				CLANG_WARN_OBJC_ROOT_CLASS = YES_ERROR;
				CLANG_WARN_RANGE_LOOP_ANALYSIS = YES;
				CLANG_WARN_STRICT_PROTOTYPES = YES;
				CLANG_WARN_SUSPICIOUS_MOVE = YES;
				CLANG_WARN_UNGUARDED_AVAILABILITY = YES_AGGRESSIVE;
				CLANG_WARN_UNREACHABLE_CODE = YES;
				CLANG_WARN__DUPLICATE_METHOD_MATCH = YES;
				CODE_SIGN_IDENTITY = "iPhone Developer";
				COPY_PHASE_STRIP = NO;
				DEBUG_INFORMATION_FORMAT = "dwarf-with-dsym";
				ENABLE_NS_ASSERTIONS = NO;
				ENABLE_STRICT_OBJC_MSGSEND = YES;
				GCC_C_LANGUAGE_STANDARD = gnu11;
				GCC_NO_COMMON_BLOCKS = YES;
				GCC_WARN_64_TO_32_BIT_CONVERSION = YES;
				GCC_WARN_ABOUT_RETURN_TYPE = YES_ERROR;
				GCC_WARN_UNDECLARED_SELECTOR = YES;
				GCC_WARN_UNINITIALIZED_AUTOS = YES_AGGRESSIVE;
				GCC_WARN_UNUSED_FUNCTION = YES;
				GCC_WARN_UNUSED_VARIABLE = YES;
				IPHONEOS_DEPLOYMENT_TARGET = 12.0;
				MTL_ENABLE_DEBUG_INFO = NO;
				MTL_FAST_MATH = YES;
				SDKROOT = iphoneos;
				SWIFT_COMPILATION_MODE = wholemodule;
				SWIFT_OPTIMIZATION_LEVEL = "-O";
				VALIDATE_PRODUCT = YES;
			};
			name = Release;
		};
		5842D00F218451250085D642 /* Debug */ = {
			isa = XCBuildConfiguration;
			baseConfigurationReference = DD3D4F206BFCF1CBBDEB5457 /* Pods-TeachersHelper.debug.xcconfig */;
			buildSettings = {
				ASSETCATALOG_COMPILER_APPICON_NAME = AppIcon;
				CLANG_ENABLE_MODULES = YES;
				CODE_SIGN_STYLE = Automatic;
				DEVELOPMENT_TEAM = 44HDC9YG72;
				INFOPLIST_FILE = TeachersHelper/Info.plist;
				IPHONEOS_DEPLOYMENT_TARGET = 10.3;
				LD_RUNPATH_SEARCH_PATHS = (
					"$(inherited)",
					"@executable_path/Frameworks",
				);
				PRODUCT_BUNDLE_IDENTIFIER = com.baocl.github.TeachersHelper;
				PRODUCT_NAME = "$(TARGET_NAME)";
				SWIFT_OBJC_BRIDGING_HEADER = TeachersHelper/NJOC2SwiftBridge.h;
				SWIFT_OPTIMIZATION_LEVEL = "-Onone";
				SWIFT_VERSION = 4.2;
				TARGETED_DEVICE_FAMILY = "1,2";
			};
			name = Debug;
		};
		5842D010218451250085D642 /* Release */ = {
			isa = XCBuildConfiguration;
			baseConfigurationReference = 5DE016879F1157126EFE70DB /* Pods-TeachersHelper.release.xcconfig */;
			buildSettings = {
				ASSETCATALOG_COMPILER_APPICON_NAME = AppIcon;
				CLANG_ENABLE_MODULES = YES;
				CODE_SIGN_STYLE = Automatic;
				DEVELOPMENT_TEAM = 44HDC9YG72;
				INFOPLIST_FILE = TeachersHelper/Info.plist;
				IPHONEOS_DEPLOYMENT_TARGET = 10.3;
				LD_RUNPATH_SEARCH_PATHS = (
					"$(inherited)",
					"@executable_path/Frameworks",
				);
				PRODUCT_BUNDLE_IDENTIFIER = com.baocl.github.TeachersHelper;
				PRODUCT_NAME = "$(TARGET_NAME)";
				SWIFT_OBJC_BRIDGING_HEADER = TeachersHelper/NJOC2SwiftBridge.h;
				SWIFT_VERSION = 4.2;
				TARGETED_DEVICE_FAMILY = "1,2";
			};
			name = Release;
		};
/* End XCBuildConfiguration section */

/* Begin XCConfigurationList section */
		5842CFF7218451240085D642 /* Build configuration list for PBXProject "TeachersHelper" */ = {
			isa = XCConfigurationList;
			buildConfigurations = (
				5842D00C218451250085D642 /* Debug */,
				5842D00D218451250085D642 /* Release */,
			);
			defaultConfigurationIsVisible = 0;
			defaultConfigurationName = Release;
		};
		5842D00E218451250085D642 /* Build configuration list for PBXNativeTarget "TeachersHelper" */ = {
			isa = XCConfigurationList;
			buildConfigurations = (
				5842D00F218451250085D642 /* Debug */,
				5842D010218451250085D642 /* Release */,
			);
			defaultConfigurationIsVisible = 0;
			defaultConfigurationName = Release;
		};
/* End XCConfigurationList section */
	};
	rootObject = 5842CFF4218451240085D642 /* Project object */;
}
